#MicroXplorer Configuration settings - do not modify
PH0-OSC_IN.Locked=true
PB13.GPIOParameters=GPIO_PuPd,GPIO_Label
PC7.GPIOParameters=GPIO_Label
PH0-OSC_IN.Signal=RCC_OSC_IN
USART2.IPParameters=VirtualMode,BaudRate
SPI3.Direction=SPI_DIRECTION_2LINES
Dma.USART2_TX.2.RequestParameters=Instance,Direction,PeriphInc,MemInc,PeriphDataAlignment,MemDataAlignment,Mode,Priority,FIFOMode
SPI3.VirtualType=VM_MASTER
PB10.GPIO_PuPd=GPIO_PULLUP
TIM1.IPParameters=EncoderMode,IC1Filter,IC2Filter
PA10.GPIO_PuPd=GPIO_PULLUP
RCC.PLLCLKFreq_Value=82000000
PB14.GPIO_Label=Motor_3
PA14.GPIO_Label=SWCLK
RCC.PLLQCLKFreq_Value=82000000
PC6.GPIO_Label=Encoder_6A
RCC.RTCFreq_Value=32000
PA3.GPIOParameters=GPIO_Label
PA6.GPIO_Label=Motor_5
PB6.GPIO_Label=Encoder_4A
PD2.GPIOParameters=GPIO_PuPd,GPIO_Label
SH.S_TIM1_CH1.ConfNb=1
PB13.Signal=GPIO_Input
RCC.SAIAFreq_Value=96000000
PA2.GPIOParameters=GPIO_Label
PinOutPanel.RotationAngle=0
SH.S_TIM11_CH1.ConfNb=1
Dma.USART2_RX.1.MemDataAlignment=DMA_MDATAALIGN_BYTE
RCC.SYSCLKSource=RCC_SYSCLKSOURCE_PLLCLK
Dma.USART2_TX.2.PeriphDataAlignment=DMA_PDATAALIGN_BYTE
NVIC.SVCall_IRQn=true\:0\:0\:false\:false\:true\:false\:false
SH.S_TIM3_CH2.ConfNb=1
SH.S_TIM14_CH1.0=TIM14_CH1,PWM Generation1 CH1
TIM2.IPParameters=Period,EncoderMode,IC1Filter,IC2Filter
RCC.APB2TimFreq_Value=82000000
PB6.Signal=S_TIM4_CH1
VP_TIM10_VS_ClockSourceINT.Mode=Enable_Timer
Dma.ADC1.0.Direction=DMA_PERIPH_TO_MEMORY
ADC1.Channel-2\#ChannelRegularConversion=ADC_CHANNEL_13
PC7.Signal=S_TIM8_CH2
Dma.USART2_RX.1.PeriphInc=DMA_PINC_DISABLE
PC3.Signal=ADCx_IN13
PA1.GPIO_PuPd=GPIO_PULLDOWN
Dma.ADC1.0.MemDataAlignment=DMA_MDATAALIGN_WORD
PB13.Locked=true
ProjectManager.ProjectBuild=false
Dma.USART2_RX.1.RequestParameters=Instance,Direction,PeriphInc,MemInc,PeriphDataAlignment,MemDataAlignment,Mode,Priority,FIFOMode
NVIC.UsageFault_IRQn=true\:0\:0\:false\:false\:true\:true\:false
PB2.Signal=GPIO_Input
ADC1.ScanConvMode=ENABLE
Dma.USART2_TX.2.Priority=DMA_PRIORITY_LOW
PA4.Locked=true
SH.ADCx_IN14.ConfNb=1
TIM10.Channel=TIM_CHANNEL_1
TIM12.Period=4095
PB12.GPIO_Label=LOAD
ProjectManager.FirmwarePackage=STM32Cube FW_F4 V1.26.0
MxDb.Version=DB.6.0.20
PB0.GPIOParameters=GPIO_Label
PA1.GPIOParameters=GPIO_PuPd,GPIO_Label
ProjectManager.BackupPrevious=false
SH.S_TIM12_CH1.0=TIM12_CH1,PWM Generation1 CH1
PC4.GPIO_Label=Y2
PA5.GPIO_PuPd=GPIO_PULLDOWN
PB1.GPIO_Label=SW_2
Dma.ADC1.0.PeriphInc=DMA_PINC_DISABLE
Dma.USART2_TX.2.MemDataAlignment=DMA_MDATAALIGN_BYTE
PH1-OSC_OUT.Locked=true
SH.ADCx_IN11.ConfNb=1
SH.S_TIM4_CH2.0=TIM4_CH2,Encoder_Interface
PA8.Signal=S_TIM1_CH1
RCC.PLLRCLKFreq_Value=82000000
NVIC.PendSV_IRQn=true\:0\:0\:false\:false\:true\:false\:false
SH.S_TIM5_CH2.ConfNb=1
ProjectManager.HalAssertFull=false
SH.S_TIM8_CH1.ConfNb=1
PB2.GPIO_PuPd=GPIO_PULLUP
ADC1.SamplingTime-0\#ChannelRegularConversion=ADC_SAMPLETIME_84CYCLES
TIM5.IC1Filter=10
RCC.MCO2PinFreq_Value=82000000
PC8.GPIOParameters=GPIO_PuPd,GPIO_Label
Mcu.Package=LQFP64
PB9.Signal=S_TIM11_CH1
PB1.Signal=GPIO_Input
SPI3.Mode=SPI_MODE_MASTER
SH.ADCx_IN14.0=ADC1_IN14,IN14
VP_SYS_VS_Systick.Signal=SYS_VS_Systick
PA10.Signal=GPIO_Output
VP_TIM11_VS_ClockSourceINT.Signal=TIM11_VS_ClockSourceINT
PA5.GPIOParameters=GPIO_PuPd,GPIO_Label
PB14.GPIOParameters=GPIO_Label
SH.S_TIM12_CH2.0=TIM12_CH2,PWM Generation2 CH2
RCC.APB2CLKDivider=RCC_HCLK_DIV2
SH.S_TIM4_CH1.0=TIM4_CH1,Encoder_Interface
RCC.CECFreq_Value=32786.88524590164
RCC.APB1TimFreq_Value=82000000
NVIC.BusFault_IRQn=true\:0\:0\:false\:false\:true\:true\:false
Dma.ADC1.0.FIFOMode=DMA_FIFOMODE_DISABLE
PB10.GPIOParameters=GPIO_PuPd,GPIO_Label
VP_TIM14_VS_ClockSourceINT.Mode=Enable_Timer
TIM14.Pulse=2047
TIM14.IPParameters=Channel,Period,Pulse
PA12.GPIO_PuPd=GPIO_PULLDOWN
NVIC.DMA1_Stream6_IRQn=true\:0\:0\:false\:false\:true\:false\:true
PA4.GPIO_Label=SEGMENT_DATA
ProjectManager.CustomerFirmwarePackage=
PC4.GPIOParameters=GPIO_Label
RCC.PLLSAIQCLKFreq_Value=96000000
PA6.GPIOParameters=GPIO_Label
PB7.GPIO_PuPd=GPIO_PULLDOWN
SH.S_TIM4_CH1.ConfNb=1
ProjectManager.ProjectFileName=scorbot_ERVplus_Stm32.ioc
Dma.USART2_RX.1.Priority=DMA_PRIORITY_LOW
Dma.ADC1.0.Instance=DMA2_Stream0
ADC1.Rank-0\#ChannelRegularConversion=1
Dma.USART2_RX.1.FIFOMode=DMA_FIFOMODE_DISABLE
TIM5.IPParameters=Period,EncoderMode,IC1Filter,IC2Filter
PA15.GPIOParameters=GPIO_PuPd,GPIO_Label
Mcu.PinsNb=52
PD2.GPIO_PuPd=GPIO_PULLDOWN
Dma.USART2_TX.2.MemInc=DMA_MINC_ENABLE
ADC1.IPParameters=Rank-0\#ChannelRegularConversion,master,Channel-0\#ChannelRegularConversion,SamplingTime-0\#ChannelRegularConversion,NbrOfConversionFlag,ScanConvMode,ContinuousConvMode,DMAContinuousRequests,Rank-1\#ChannelRegularConversion,Channel-1\#ChannelRegularConversion,SamplingTime-1\#ChannelRegularConversion,Rank-2\#ChannelRegularConversion,Channel-2\#ChannelRegularConversion,SamplingTime-2\#ChannelRegularConversion,Rank-3\#ChannelRegularConversion,Channel-3\#ChannelRegularConversion,SamplingTime-3\#ChannelRegularConversion,NbrOfConversion
TIM2.IC1Filter=10
PC13.Locked=true
PC13.Signal=GPIO_Output
PA9.GPIO_Label=Encoder_1B
PB6.GPIO_PuPd=GPIO_PULLDOWN
PC6.Signal=S_TIM8_CH1
PC2.Signal=ADCx_IN12
PA11.GPIO_Label=PITCH_DOWN
TIM4.IC2Filter=10
PC0.Signal=GPIO_Input
RCC.APB1CLKDivider=RCC_HCLK_DIV2
PC14-OSC32_IN.Signal=RCC_OSC32_IN
USART2.BaudRate=57600
SH.S_TIM2_CH1_ETR.ConfNb=1
SH.S_TIM8_CH2.0=TIM8_CH2,Encoder_Interface
PA0-WKUP.GPIO_Label=Encoder_5A
PA0-WKUP.Signal=S_TIM5_CH1
PC3.GPIOParameters=GPIO_Label
PA3.Mode=Asynchronous
PB8.GPIO_Label=Motor_1
PA11.Locked=true
PA15.Locked=true
PA8.GPIO_Label=Encoder_1A
PC15-OSC32_OUT.Locked=true
TIM13.Channel=TIM_CHANNEL_1
TIM3.IC2Filter=10
TIM4.IPParameters=EncoderMode,IC1Filter,IC2Filter
Mcu.Pin51=VP_TIM14_VS_ClockSourceINT
Mcu.Pin50=VP_TIM13_VS_ClockSourceINT
Dma.ADC1.0.Priority=DMA_PRIORITY_LOW
PA9.Signal=S_TIM1_CH2
SH.S_TIM2_CH2.ConfNb=1
RCC.VCOInputMFreq_Value=1000000
PB4.GPIO_PuPd=GPIO_PULLDOWN
Mcu.Pin48=VP_TIM10_VS_ClockSourceINT
Mcu.Pin49=VP_TIM11_VS_ClockSourceINT
Dma.USART2_RX.1.Instance=DMA1_Stream5
Mcu.Pin46=PB9
Mcu.Pin47=VP_SYS_VS_Systick
PB10.Signal=GPIO_Input
TIM13.IPParameters=Channel,Period,Pulse
PB14.Signal=S_TIM12_CH1
Dma.USART2_RX.1.Direction=DMA_PERIPH_TO_MEMORY
PA5.Signal=S_TIM2_CH1_ETR
Mcu.Pin40=PB3
Mcu.Pin41=PB4
TIM3.IC1Filter=10
SH.S_TIM8_CH1.0=TIM8_CH1,Encoder_Interface
Mcu.Pin44=PB7
Dma.USART2_RX.1.PeriphDataAlignment=DMA_PDATAALIGN_BYTE
Mcu.Pin45=PB8
Mcu.Pin42=PB5
Mcu.Pin43=PB6
TIM13.Period=4095
ProjectManager.LastFirmware=true
PB13.GPIO_PuPd=GPIO_PULLDOWN
SH.S_TIM12_CH1.ConfNb=1
VP_TIM13_VS_ClockSourceINT.Mode=Enable_Timer
TIM14.Channel=TIM_CHANNEL_1
Mcu.Pin37=PA15
PB4.GPIO_Label=Encoder_3A
Mcu.Pin38=PC10
PB15.GPIO_Label=Motor_4
Mcu.Pin35=PA13
Mcu.Pin36=PA14
RCC.PLLI2SPCLKFreq_Value=96000000
Mcu.Pin39=PD2
PC2.GPIOParameters=GPIO_Label
Mcu.Pin30=PA8
PA1.GPIO_Label=Encoder_5B
RCC.EthernetFreq_Value=84000000
TIM1.IC2Filter=10
SH.ADCx_IN12.ConfNb=1
PC9.GPIO_PuPd=GPIO_PULLDOWN
Mcu.Pin33=PA11
TIM3.IPParameters=EncoderMode,IC1Filter,IC2Filter
Mcu.Pin34=PA12
Mcu.Pin31=PA9
Mcu.Pin32=PA10
NVIC.NonMaskableInt_IRQn=true\:0\:0\:false\:false\:true\:true\:false
PC10.GPIOParameters=GPIO_Label
ADC1.DMAContinuousRequests=ENABLE
TIM2.Period=65535
PA13.Mode=Serial_Wire
ProjectManager.FreePins=false
PC9.GPIOParameters=GPIO_PuPd,GPIO_Label
RCC.PLLI2SQCLKFreq_Value=96000000
Mcu.Pin26=PC6
Mcu.Pin27=PC7
RCC.RTCHSEDivFreq_Value=4000000
Mcu.Pin24=PB14
ProjectManager.UnderRoot=true
Mcu.Pin25=PB15
PC7.GPIO_Label=Encoder_6B
Mcu.Pin28=PC8
Mcu.Pin29=PC9
PC8.GPIO_PuPd=GPIO_PULLDOWN
PA4.Signal=GPIO_Output
ADC1.SamplingTime-1\#ChannelRegularConversion=ADC_SAMPLETIME_84CYCLES
Mcu.Pin22=PB12
PB5.Signal=S_TIM3_CH2
Mcu.Pin23=PB13
Mcu.Pin20=PB2
ADC1.master=1
Mcu.Pin21=PB10
PA10.Locked=true
PA5.GPIO_Label=Encoder_2A
Dma.USART2_TX.2.Instance=DMA1_Stream6
TIM1.IC1Filter=10
NVIC.ForceEnableDMAVector=true
PA14.GPIOParameters=GPIO_Label
PB5.GPIO_PuPd=GPIO_PULLDOWN
NVIC.MemoryManagement_IRQn=true\:0\:0\:false\:false\:true\:true\:false
ProjectManager.CompilerOptimize=6
ADC1.Rank-1\#ChannelRegularConversion=2
PA11.Signal=GPIO_Input
SH.S_TIM2_CH1_ETR.0=TIM2_CH1,Encoder_Interface
ProjectManager.HeapSize=0x200
Mcu.Pin15=PA6
NVIC.HardFault_IRQn=true\:0\:0\:false\:false\:true\:true\:false
Mcu.Pin16=PA7
Mcu.Pin13=PA4
Mcu.Pin14=PA5
Mcu.Pin19=PB1
SH.S_TIM3_CH1.ConfNb=1
ProjectManager.ComputerToolchain=false
Mcu.Pin17=PC4
Mcu.Pin18=PB0
NVIC.PriorityGroup=NVIC_PRIORITYGROUP_0
Mcu.Pin11=PA2
Mcu.Pin12=PA3
Mcu.Pin10=PA1
Dma.USART2_TX.2.FIFOMode=DMA_FIFOMODE_DISABLE
PC3.GPIO_Label=X2
PA0-WKUP.GPIO_PuPd=GPIO_PULLDOWN
RCC.PWRFreq_Value=82000000
PD2.Signal=GPIO_Input
PB12.GPIO_PuPd=GPIO_PULLDOWN
PB0.Signal=SPI3_MOSI
PA7.GPIOParameters=GPIO_Label
PC0.Locked=true
TIM12.IPParameters=Channel-PWM Generation1 CH1,Channel-PWM Generation2 CH2,Period,Pulse-PWM Generation1 CH1,Pulse-PWM Generation2 CH2
PB12.GPIOParameters=GPIO_PuPd,GPIO_Label
PC1.Signal=ADCx_IN11
PD2.GPIO_Label=GRIP_OPEN_CLOSE
TIM2.IC2Filter=10
Mcu.Family=STM32F4
ProjectManager.MainLocation=Core/Src
VP_TIM10_VS_ClockSourceINT.Signal=TIM10_VS_ClockSourceINT
SH.S_TIM4_CH2.ConfNb=1
RCC.CortexFreq_Value=82000000
ProjectManager.KeepUserCode=true
Mcu.UserName=STM32F446RETx
ADC1.ContinuousConvMode=ENABLE
TIM12.Channel-PWM\ Generation2\ CH2=TIM_CHANNEL_2
PC10.Signal=SPI3_SCK
TIM4.EncoderMode=TIM_ENCODERMODE_TI12
TIM5.EncoderMode=TIM_ENCODERMODE_TI12
PA12.GPIOParameters=GPIO_PuPd,GPIO_Label
TIM3.EncoderMode=TIM_ENCODERMODE_TI12
ProjectManager.functionlistsort=1-MX_GPIO_Init-GPIO-false-HAL-true,2-MX_DMA_Init-DMA-false-HAL-true,3-SystemClock_Config-RCC-false-HAL-false,4-MX_USART2_UART_Init-USART2-false-HAL-true,5-MX_TIM1_Init-TIM1-false-HAL-true,6-MX_TIM2_Init-TIM2-false-HAL-true,7-MX_TIM3_Init-TIM3-false-HAL-true,8-MX_TIM4_Init-TIM4-false-HAL-true,9-MX_TIM5_Init-TIM5-false-HAL-true,10-MX_TIM8_Init-TIM8-false-HAL-true,11-MX_TIM10_Init-TIM10-false-HAL-true,12-MX_TIM11_Init-TIM11-false-HAL-true,13-MX_TIM12_Init-TIM12-false-HAL-true,14-MX_TIM13_Init-TIM13-false-HAL-true,15-MX_TIM14_Init-TIM14-false-HAL-true,16-MX_ADC1_Init-ADC1-false-HAL-true,17-MX_SPI3_Init-SPI3-false-HAL-true
PC0.GPIOParameters=GPIO_PuPd,GPIO_Label
PA9.GPIOParameters=GPIO_PuPd,GPIO_Label
SH.S_TIM5_CH2.0=TIM5_CH2,Encoder_Interface
PA11.GPIOParameters=GPIO_PuPd,GPIO_Label
PC0.GPIO_Label=SW_5
TIM1.EncoderMode=TIM_ENCODERMODE_TI12
TIM8.EncoderMode=TIM_ENCODERMODE_TI12
PC9.Locked=true
PB0.GPIO_Label=SEGMENT_MOSI
RCC.PLLI2SRCLKFreq_Value=96000000
TIM2.EncoderMode=TIM_ENCODERMODE_TI12
PD2.Locked=true
SH.S_TIM10_CH1.ConfNb=1
PA11.GPIO_PuPd=GPIO_PULLDOWN
PC13.GPIO_Label=ENAB_GRIP
PB13.GPIO_Label=SAVE
PB15.Signal=S_TIM12_CH2
SH.S_TIM13_CH1.0=TIM13_CH1,PWM Generation1 CH1
ProjectManager.StackSize=0x400
PB5.GPIOParameters=GPIO_PuPd,GPIO_Label
Mcu.IP4=SPI3
RCC.FCLKCortexFreq_Value=82000000
Mcu.IP5=SYS
Mcu.IP2=NVIC
Mcu.IP3=RCC
PA15.GPIO_Label=SW_1
PB4.GPIOParameters=GPIO_PuPd,GPIO_Label
Mcu.IP0=ADC1
PA12.Locked=true
Mcu.IP1=DMA
PA12.Signal=GPIO_Input
Mcu.UserConstants=
PC1.GPIOParameters=GPIO_Label
Mcu.ThirdPartyNb=0
ADC1.Channel-3\#ChannelRegularConversion=ADC_CHANNEL_14
RCC.SDIOFreq_Value=82000000
PB1.GPIO_PuPd=GPIO_PULLUP
RCC.HCLKFreq_Value=82000000
Mcu.IPNb=18
RCC.I2SClocksFreq_Value=96000000
ProjectManager.PreviousToolchain=
RCC.SPDIFRXFreq_Value=82000000
RCC.VcooutputI2S=96000000
PA8.GPIOParameters=GPIO_PuPd,GPIO_Label
Mcu.Pin6=PC1
Mcu.Pin7=PC2
NVIC.DMA2_Stream0_IRQn=true\:0\:0\:false\:false\:true\:false\:true
Mcu.Pin8=PC3
Mcu.Pin9=PA0-WKUP
RCC.VCOSAIOutputFreq_Value=192000000
Dma.USART2_RX.1.MemInc=DMA_MINC_ENABLE
RCC.AHBFreq_Value=82000000
PH0-OSC_IN.Mode=HSE-External-Oscillator
Mcu.Pin0=PC13
SPI3.DataSize=SPI_DATASIZE_8BIT
TIM11.IPParameters=Channel,Period,Pulse
Mcu.Pin1=PC14-OSC32_IN
TIM8.IPParameters=IC1Filter,IC2Filter,EncoderMode
GPIO.groupedBy=Group By Peripherals
Mcu.Pin2=PC15-OSC32_OUT
Mcu.Pin3=PH0-OSC_IN
Mcu.Pin4=PH1-OSC_OUT
PA0-WKUP.GPIOParameters=GPIO_PuPd,GPIO_Label
Mcu.Pin5=PC0
ADC1.Channel-0\#ChannelRegularConversion=ADC_CHANNEL_11
RCC.HSE_VALUE=8000000
NVIC.DebugMonitor_IRQn=true\:0\:0\:false\:false\:true\:true\:false
Mcu.IP10=TIM5
TIM13.Pulse=2047
TIM14.Period=4095
NVIC.SysTick_IRQn=true\:0\:0\:true\:false\:true\:true\:true
Mcu.IP12=TIM10
Mcu.IP11=TIM8
SH.S_TIM12_CH2.ConfNb=1
Mcu.IP17=USART2
PB3.GPIO_PuPd=GPIO_PULLDOWN
ADC1.Rank-2\#ChannelRegularConversion=3
Mcu.IP14=TIM12
Mcu.IP13=TIM11
TIM12.Pulse-PWM\ Generation2\ CH2=2047
Mcu.IP16=TIM14
Mcu.IP15=TIM13
PC14-OSC32_IN.Mode=LSE-External-Oscillator
RCC.VCOInputFreq_Value=2000000
PA14.Mode=Serial_Wire
File.Version=6
PA10.GPIO_Label=ENABLE_MOTOR
PC13.GPIO_PuPd=GPIO_PULLUP
PB3.GPIOParameters=GPIO_PuPd,GPIO_Label
SH.ADCx_IN13.ConfNb=1
PB7.Signal=S_TIM4_CH2
SH.S_TIM3_CH1.0=TIM3_CH1,Encoder_Interface
Dma.RequestsNb=3
PB6.GPIOParameters=GPIO_PuPd,GPIO_Label
ProjectManager.ProjectName=scorbot_ERVplus_Stm32
RCC.FLatency-AdvancedSettings=FLASH_LATENCY_2
PA13.GPIOParameters=GPIO_Label
PH1-OSC_OUT.Mode=HSE-External-Oscillator
PB7.GPIO_Label=Encoder_4B
PA6.Signal=S_TIM13_CH1
USART2.VirtualMode=VM_ASYNC
SH.S_TIM10_CH1.0=TIM10_CH1,PWM Generation1 CH1
ProjectManager.ToolChainLocation=
PA2.GPIO_Label=TX_UART
RCC.LSI_VALUE=32000
PA15.Signal=GPIO_Input
VP_TIM13_VS_ClockSourceINT.Signal=TIM13_VS_ClockSourceINT
TIM4.IC1Filter=10
PB5.GPIO_Label=Encoder_3B
Dma.Request2=USART2_TX
Dma.Request1=USART2_RX
SH.S_TIM5_CH1.0=TIM5_CH1,Encoder_Interface
SPI3.IPParameters=VirtualType,Mode,Direction,CalculateBaudRate,BaudRatePrescaler,DataSize
PC0.GPIO_PuPd=GPIO_PULLUP
Dma.USART2_RX.1.Mode=DMA_CIRCULAR
RCC.SAIBFreq_Value=96000000
Dma.Request0=ADC1
SH.S_TIM11_CH1.0=TIM11_CH1,PWM Generation1 CH1
TIM10.IPParameters=Channel,Period,Pulse
PC2.GPIO_Label=Y1
PC14-OSC32_IN.Locked=true
PB4.Signal=S_TIM3_CH1
PA3.Signal=USART2_RX
PB3.GPIO_Label=Encoder_2B
PC15-OSC32_OUT.Mode=LSE-External-Oscillator
Dma.USART2_TX.2.PeriphInc=DMA_PINC_DISABLE
TIM5.IC2Filter=10
SH.ADCx_IN13.0=ADC1_IN13,IN13
PB8.GPIOParameters=GPIO_Label
PB9.GPIO_Label=Motor_2
PC10.GPIO_Label=SEGMENT_SCK
VP_TIM14_VS_ClockSourceINT.Signal=TIM14_VS_ClockSourceINT
PC9.GPIO_Label=START_STOP_CONTROL
ProjectManager.NoMain=false
RCC.FMPI2C1Freq_Value=41000000
RCC.VCOI2SInputFreq_Value=1000000
PC8.Signal=GPIO_Input
PC4.Signal=ADCx_IN14
PC10.Mode=TX_Only_Simplex_Unidirect_Master
ProjectManager.DefaultFWLocation=true
PB12.Locked=true
ProjectManager.DeletePrevious=true
PB10.Locked=true
boardIOC=true
PA9.GPIO_PuPd=GPIO_PULLDOWN
NVIC.USART2_IRQn=true\:0\:0\:false\:false\:true\:true\:true
PA12.GPIO_Label=PITCH_UP
ADC1.SamplingTime-2\#ChannelRegularConversion=ADC_SAMPLETIME_84CYCLES
RCC.FamilyName=M
TIM12.Pulse-PWM\ Generation1\ CH1=2047
VP_TIM11_VS_ClockSourceINT.Mode=Enable_Timer
PB9.GPIOParameters=GPIO_Label
PC8.GPIO_Label=HOME
PA13.Signal=SYS_JTMS-SWDIO
SH.S_TIM2_CH2.0=TIM2_CH2,Encoder_Interface
Dma.ADC1.0.PeriphDataAlignment=DMA_PDATAALIGN_WORD
SH.ADCx_IN12.0=ADC1_IN12,IN12
SH.S_TIM1_CH1.0=TIM1_CH1,Encoder_Interface
ProjectManager.TargetToolchain=STM32CubeIDE
PB10.GPIO_Label=SW_4
NVIC.DMA1_Stream5_IRQn=true\:0\:0\:false\:false\:true\:false\:true
SH.S_TIM13_CH1.ConfNb=1
Dma.ADC1.0.Mode=DMA_CIRCULAR
PA10.GPIO_ModeDefaultOutputPP=GPIO_MODE_OUTPUT_PP
PB7.GPIOParameters=GPIO_PuPd,GPIO_Label
PB2.GPIOParameters=GPIO_PuPd,GPIO_Label
ADC1.Channel-1\#ChannelRegularConversion=ADC_CHANNEL_12
ProjectManager.RegisterCallBack=
RCC.USBFreq_Value=82000000
SH.S_TIM14_CH1.ConfNb=1
PC15-OSC32_OUT.Signal=RCC_OSC32_OUT
PA1.Signal=S_TIM5_CH2
PB1.Locked=true
SH.S_TIM1_CH2.ConfNb=1
RCC.VCOI2SOutputFreq_Value=192000000
SH.S_TIM3_CH2.0=TIM3_CH2,Encoder_Interface
TIM11.Pulse=2047
PB0.Mode=TX_Only_Simplex_Unidirect_Master
RCC.PLLSAIPCLKFreq_Value=96000000
board=NUCLEO-F446RE
RCC.VCOOutputFreq_Value=164000000
TIM11.Period=4095
Dma.ADC1.0.RequestParameters=Instance,Direction,PeriphInc,MemInc,PeriphDataAlignment,MemDataAlignment,Mode,Priority,FIFOMode
TIM10.Period=4095
TIM12.Channel-PWM\ Generation1\ CH1=TIM_CHANNEL_1
RCC.APB2Freq_Value=41000000
SPI3.CalculateBaudRate=1.28125 MBits/s
SH.ADCx_IN11.0=ADC1_IN11,IN11
MxCube.Version=6.2.0
TIM10.Pulse=2047
SH.S_TIM1_CH2.0=TIM1_CH2,Encoder_Interface
PC13.GPIOParameters=GPIO_PuPd,GPIO_Label
SPI3.BaudRatePrescaler=SPI_BAUDRATEPRESCALER_32
VP_SYS_VS_Systick.Mode=SysTick
PA10.GPIOParameters=GPIO_PuPd,GPIO_Label,GPIO_ModeDefaultOutputPP
PC1.GPIO_Label=X1
PH1-OSC_OUT.Signal=RCC_OSC_OUT
PA4.GPIOParameters=GPIO_Label
PB15.GPIOParameters=GPIO_Label
ADC1.NbrOfConversion=4
RCC.IPParameters=48MHZClocksFreq_Value,AHBFreq_Value,APB1CLKDivider,APB1Freq_Value,APB1TimFreq_Value,APB2CLKDivider,APB2Freq_Value,APB2TimFreq_Value,CECFreq_Value,CortexFreq_Value,EthernetFreq_Value,FCLKCortexFreq_Value,FLatency-AdvancedSettings,FMPI2C1Freq_Value,FamilyName,HCLKFreq_Value,HSE_VALUE,HSI_VALUE,I2SClocksFreq_Value,LSI_VALUE,MCO2PinFreq_Value,PLLCLKFreq_Value,PLLI2SPCLKFreq_Value,PLLI2SQCLKFreq_Value,PLLI2SRCLKFreq_Value,PLLM,PLLN,PLLQCLKFreq_Value,PLLRCLKFreq_Value,PLLSAIPCLKFreq_Value,PLLSAIQCLKFreq_Value,PWRFreq_Value,RTCFreq_Value,RTCHSEDivFreq_Value,SAIAFreq_Value,SAIBFreq_Value,SDIOFreq_Value,SPDIFRXFreq_Value,SYSCLKFreq_VALUE,SYSCLKSource,USBFreq_Value,VCOI2SInputFreq_Value,VCOI2SOutputFreq_Value,VCOInputFreq_Value,VCOInputMFreq_Value,VCOOutputFreq_Value,VCOSAIInputFreq_Value,VCOSAIOutputFreq_Value,VcooutputI2S
ProjectManager.AskForMigrate=true
Mcu.Name=STM32F446R(C-E)Tx
PA2.Signal=USART2_TX
PA13.GPIO_Label=SWDIO
Dma.USART2_TX.2.Mode=DMA_NORMAL
PB2.Locked=true
Mcu.IP8=TIM3
Mcu.IP9=TIM4
Mcu.IP6=TIM1
RCC.VCOSAIInputFreq_Value=1000000
Mcu.IP7=TIM2
ProjectManager.CoupleFile=false
RCC.48MHZClocksFreq_Value=84000000
PB3.Signal=S_TIM2_CH2
RCC.SYSCLKFreq_VALUE=82000000
TIM8.IC1Filter=10
PA7.GPIO_Label=Motor_6
ADC1.SamplingTime-3\#ChannelRegularConversion=ADC_SAMPLETIME_84CYCLES
ADC1.Rank-3\#ChannelRegularConversion=4
KeepUserPlacement=false
PA14.Signal=SYS_JTCK-SWCLK
Dma.ADC1.0.MemInc=DMA_MINC_ENABLE
PB2.GPIO_Label=SW_3
PC6.GPIOParameters=GPIO_Label
RCC.HSI_VALUE=16000000
PA8.GPIO_PuPd=GPIO_PULLDOWN
Dma.USART2_TX.2.Direction=DMA_MEMORY_TO_PERIPH
ADC1.NbrOfConversionFlag=1
RCC.PLLM=8
RCC.PLLN=82
PA15.GPIO_PuPd=GPIO_PULLUP
TIM11.Channel=TIM_CHANNEL_1
TIM8.IC2Filter=10
PA2.Mode=Asynchronous
PB8.Signal=S_TIM10_CH1
PC8.Locked=true
TIM5.Period=65535
PC9.Signal=GPIO_Input
RCC.APB1Freq_Value=41000000
ProjectManager.DeviceId=STM32F446RETx
SH.S_TIM8_CH2.ConfNb=1
PB12.Signal=GPIO_Input
ProjectManager.LibraryCopy=1
SH.S_TIM5_CH1.ConfNb=1
PA3.GPIO_Label=RX_UART
PB1.GPIOParameters=GPIO_PuPd,GPIO_Label
PA7.Signal=S_TIM14_CH1
